
Microsoft Visual Studio Solution File, Format Version 10.00
# Visual C++ Express 2008
Project("{8BC9CEB8-8B4A-11D0-8D11-00A0C91BC942}") = "Dekart_tree", "Dekart_tree\Dekart_tree.vcproj", "{085CE6D1-24A0-4786-B708-8DC367BFF0CD}"
EndProject
Global
	GlobalSection(SolutionConfigurationPlatforms) = preSolution
		Debug|Win32 = Debug|Win32
		Release|Win32 = Release|Win32
	EndGlobalSection
	GlobalSection(ProjectConfigurationPlatforms) = postSolution
		{085CE6D1-24A0-4786-B708-8DC367BFF0CD}.Debug|Win32.ActiveCfg = Debug|Win32
		{085CE6D1-24A0-4786-B708-8DC367BFF0CD}.Debug|Win32.Build.0 = Debug|Win32
		{085CE6D1-24A0-4786-B708-8DC367BFF0CD}.Release|Win32.ActiveCfg = Release|Win32
		{085CE6D1-24A0-4786-B708-8DC367BFF0CD}.Release|Win32.Build.0 = Release|Win32
	EndGlobalSection
	GlobalSection(SolutionProperties) = preSolution
		HideSolutionNode = FALSE
	EndGlobalSection
EndGlobal
